
Microsoft Visual Studio Solution File, Format Version 12.00
# Visual Studio Version 17
VisualStudioVersion = 17.9.34728.123
MinimumVisualStudioVersion = 10.0.40219.1
Project("{FAE04EC0-301F-11D3-BF4B-00C04F79EFBC}") = "FastProject", "FastProject\FastProject.csproj", "{2C701A09-CD41-4B5C-B884-6738585E68C1}"
EndProject
Project("{E53339B2-1760-4266-BCC7-CA923CBCF16C}") = "docker-compose", "docker-compose.dcproj", "{6E66EFC7-2A87-449C-B145-A1C066729832}"
EndProject
Global
	GlobalSection(SolutionConfigurationPlatforms) = preSolution
		Debug|Any CPU = Debug|Any CPU
		Release|Any CPU = Release|Any CPU
	EndGlobalSection
	GlobalSection(ProjectConfigurationPlatforms) = postSolution
		{2C701A09-CD41-4B5C-B884-6738585E68C1}.Debug|Any CPU.ActiveCfg = Debug|Any CPU
		{2C701A09-CD41-4B5C-B884-6738585E68C1}.Debug|Any CPU.Build.0 = Debug|Any CPU
		{2C701A09-CD41-4B5C-B884-6738585E68C1}.Release|Any CPU.ActiveCfg = Release|Any CPU
		{2C701A09-CD41-4B5C-B884-6738585E68C1}.Release|Any CPU.Build.0 = Release|Any CPU
		{6E66EFC7-2A87-449C-B145-A1C066729832}.Debug|Any CPU.ActiveCfg = Debug|Any CPU
		{6E66EFC7-2A87-449C-B145-A1C066729832}.Debug|Any CPU.Build.0 = Debug|Any CPU
		{6E66EFC7-2A87-449C-B145-A1C066729832}.Release|Any CPU.ActiveCfg = Release|Any CPU
		{6E66EFC7-2A87-449C-B145-A1C066729832}.Release|Any CPU.Build.0 = Release|Any CPU
	EndGlobalSection
	GlobalSection(SolutionProperties) = preSolution
		HideSolutionNode = FALSE
	EndGlobalSection
	GlobalSection(ExtensibilityGlobals) = postSolution
		SolutionGuid = {A99689AE-5450-4024-AFA1-DF57AA1615C9}
	EndGlobalSection
EndGlobal
